// !$*UTF8*$!
{
	archiveVersion = 1;
	classes = {
	};
	objectVersion = 56;
	objects = {

/* Begin PBXBuildFile section */
		CBB5C3382A2894A4001B175D /* travelAppApp.swift in Sources */ = {isa = PBXBuildFile; fileRef = CBB5C3372A2894A4001B175D /* travelAppApp.swift */; };
		CBB5C33A2A2894A4001B175D /* ContentView.swift in Sources */ = {isa = PBXBuildFile; fileRef = CBB5C3392A2894A4001B175D /* ContentView.swift */; };
		CBB5C33C2A2894A5001B175D /* Assets.xcassets in Resources */ = {isa = PBXBuildFile; fileRef = CBB5C33B2A2894A5001B175D /* Assets.xcassets */; };
		CBB5C33F2A2894A5001B175D /* Preview Assets.xcassets in Resources */ = {isa = PBXBuildFile; fileRef = CBB5C33E2A2894A5001B175D /* Preview Assets.xcassets */; };
		CBB5C3542A28963E001B175D /* charleyrivers.jpg in Resources */ = {isa = PBXBuildFile; fileRef = CBB5C3462A28963E001B175D /* charleyrivers.jpg */; };
		CBB5C3552A28963E001B175D /* turtlerock.jpg in Resources */ = {isa = PBXBuildFile; fileRef = CBB5C3472A28963E001B175D /* turtlerock.jpg */; };
		CBB5C3562A28963E001B175D /* silversalmoncreek.jpg in Resources */ = {isa = PBXBuildFile; fileRef = CBB5C3482A28963E001B175D /* silversalmoncreek.jpg */; };
		CBB5C3572A28963E001B175D /* hikeData.json in Resources */ = {isa = PBXBuildFile; fileRef = CBB5C3492A28963E001B175D /* hikeData.json */; };
		CBB5C3582A28963E001B175D /* icybay.jpg in Resources */ = {isa = PBXBuildFile; fileRef = CBB5C34A2A28963E001B175D /* icybay.jpg */; };
		CBB5C3592A28963E001B175D /* lakemcdonald.jpg in Resources */ = {isa = PBXBuildFile; fileRef = CBB5C34B2A28963E001B175D /* lakemcdonald.jpg */; };
		CBB5C35A2A28963E001B175D /* hiddenlake.jpg in Resources */ = {isa = PBXBuildFile; fileRef = CBB5C34C2A28963E001B175D /* hiddenlake.jpg */; };
		CBB5C35B2A28963E001B175D /* twinlake.jpg in Resources */ = {isa = PBXBuildFile; fileRef = CBB5C34D2A28963E001B175D /* twinlake.jpg */; };
		CBB5C35C2A28963E001B175D /* umbagog.jpg in Resources */ = {isa = PBXBuildFile; fileRef = CBB5C34E2A28963E001B175D /* umbagog.jpg */; };
		CBB5C35D2A28963E001B175D /* landmarkData.json in Resources */ = {isa = PBXBuildFile; fileRef = CBB5C34F2A28963E001B175D /* landmarkData.json */; };
		CBB5C35E2A28963E001B175D /* chincoteague.jpg in Resources */ = {isa = PBXBuildFile; fileRef = CBB5C3502A28963E001B175D /* chincoteague.jpg */; };
		CBB5C35F2A28963E001B175D /* stmarylake.jpg in Resources */ = {isa = PBXBuildFile; fileRef = CBB5C3512A28963E001B175D /* stmarylake.jpg */; };
		CBB5C3602A28963E001B175D /* chilkoottrail.jpg in Resources */ = {isa = PBXBuildFile; fileRef = CBB5C3522A28963E001B175D /* chilkoottrail.jpg */; };
		CBB5C3612A28963E001B175D /* rainbowlake.jpg in Resources */ = {isa = PBXBuildFile; fileRef = CBB5C3532A28963E001B175D /* rainbowlake.jpg */; };
		CBB5C3652A28967C001B175D /* CircleImage.swift in Sources */ = {isa = PBXBuildFile; fileRef = CBB5C3642A28967C001B175D /* CircleImage.swift */; };
		CBB5C3672A2897AF001B175D /* MapView.swift in Sources */ = {isa = PBXBuildFile; fileRef = CBB5C3662A2897AF001B175D /* MapView.swift */; };
/* End PBXBuildFile section */

/* Begin PBXFileReference section */
		CBB5C3342A2894A4001B175D /* travelApp.app */ = {isa = PBXFileReference; explicitFileType = wrapper.application; includeInIndex = 0; path = travelApp.app; sourceTree = BUILT_PRODUCTS_DIR; };
		CBB5C3372A2894A4001B175D /* travelAppApp.swift */ = {isa = PBXFileReference; lastKnownFileType = sourcecode.swift; path = travelAppApp.swift; sourceTree = "<group>"; };
		CBB5C3392A2894A4001B175D /* ContentView.swift */ = {isa = PBXFileReference; lastKnownFileType = sourcecode.swift; path = ContentView.swift; sourceTree = "<group>"; };
		CBB5C33B2A2894A5001B175D /* Assets.xcassets */ = {isa = PBXFileReference; lastKnownFileType = folder.assetcatalog; path = Assets.xcassets; sourceTree = "<group>"; };
		CBB5C33E2A2894A5001B175D /* Preview Assets.xcassets */ = {isa = PBXFileReference; lastKnownFileType = folder.assetcatalog; path = "Preview Assets.xcassets"; sourceTree = "<group>"; };
		CBB5C3462A28963E001B175D /* charleyrivers.jpg */ = {isa = PBXFileReference; lastKnownFileType = image.jpeg; path = charleyrivers.jpg; sourceTree = "<group>"; };
		CBB5C3472A28963E001B175D /* turtlerock.jpg */ = {isa = PBXFileReference; lastKnownFileType = image.jpeg; path = turtlerock.jpg; sourceTree = "<group>"; };
		CBB5C3482A28963E001B175D /* silversalmoncreek.jpg */ = {isa = PBXFileReference; lastKnownFileType = image.jpeg; path = silversalmoncreek.jpg; sourceTree = "<group>"; };
		CBB5C3492A28963E001B175D /* hikeData.json */ = {isa = PBXFileReference; fileEncoding = 4; lastKnownFileType = text.json; path = hikeData.json; sourceTree = "<group>"; };
		CBB5C34A2A28963E001B175D /* icybay.jpg */ = {isa = PBXFileReference; lastKnownFileType = image.jpeg; path = icybay.jpg; sourceTree = "<group>"; };
		CBB5C34B2A28963E001B175D /* lakemcdonald.jpg */ = {isa = PBXFileReference; lastKnownFileType = image.jpeg; path = lakemcdonald.jpg; sourceTree = "<group>"; };
		CBB5C34C2A28963E001B175D /* hiddenlake.jpg */ = {isa = PBXFileReference; lastKnownFileType = image.jpeg; path = hiddenlake.jpg; sourceTree = "<group>"; };
		CBB5C34D2A28963E001B175D /* twinlake.jpg */ = {isa = PBXFileReference; lastKnownFileType = image.jpeg; path = twinlake.jpg; sourceTree = "<group>"; };
		CBB5C34E2A28963E001B175D /* umbagog.jpg */ = {isa = PBXFileReference; lastKnownFileType = image.jpeg; path = umbagog.jpg; sourceTree = "<group>"; };
		CBB5C34F2A28963E001B175D /* landmarkData.json */ = {isa = PBXFileReference; fileEncoding = 4; lastKnownFileType = text.json; path = landmarkData.json; sourceTree = "<group>"; };
		CBB5C3502A28963E001B175D /* chincoteague.jpg */ = {isa = PBXFileReference; lastKnownFileType = image.jpeg; path = chincoteague.jpg; sourceTree = "<group>"; };
		CBB5C3512A28963E001B175D /* stmarylake.jpg */ = {isa = PBXFileReference; lastKnownFileType = image.jpeg; path = stmarylake.jpg; sourceTree = "<group>"; };
		CBB5C3522A28963E001B175D /* chilkoottrail.jpg */ = {isa = PBXFileReference; lastKnownFileType = image.jpeg; path = chilkoottrail.jpg; sourceTree = "<group>"; };
		CBB5C3532A28963E001B175D /* rainbowlake.jpg */ = {isa = PBXFileReference; lastKnownFileType = image.jpeg; path = rainbowlake.jpg; sourceTree = "<group>"; };
		CBB5C3642A28967C001B175D /* CircleImage.swift */ = {isa = PBXFileReference; lastKnownFileType = sourcecode.swift; path = CircleImage.swift; sourceTree = "<group>"; };
		CBB5C3662A2897AF001B175D /* MapView.swift */ = {isa = PBXFileReference; lastKnownFileType = sourcecode.swift; path = MapView.swift; sourceTree = "<group>"; };
/* End PBXFileReference section */

/* Begin PBXFrameworksBuildPhase section */
		CBB5C3312A2894A4001B175D /* Frameworks */ = {
			isa = PBXFrameworksBuildPhase;
			buildActionMask = 2147483647;
			files = (
			);
			runOnlyForDeploymentPostprocessing = 0;
		};
/* End PBXFrameworksBuildPhase section */

/* Begin PBXGroup section */
		CBB5C32B2A2894A4001B175D = {
			isa = PBXGroup;
			children = (
				CBB5C3362A2894A4001B175D /* travelApp */,
				CBB5C3352A2894A4001B175D /* Products */,
			);
			sourceTree = "<group>";
		};
		CBB5C3352A2894A4001B175D /* Products */ = {
			isa = PBXGroup;
			children = (
				CBB5C3342A2894A4001B175D /* travelApp.app */,
			);
			name = Products;
			sourceTree = "<group>";
		};
		CBB5C3362A2894A4001B175D /* travelApp */ = {
			isa = PBXGroup;
			children = (
				CBB5C3372A2894A4001B175D /* travelAppApp.swift */,
				CBB5C3392A2894A4001B175D /* ContentView.swift */,
				CBB5C3452A28963E001B175D /* Resources */,
				CBB5C33B2A2894A5001B175D /* Assets.xcassets */,
				CBB5C33D2A2894A5001B175D /* Preview Content */,
				CBB5C3642A28967C001B175D /* CircleImage.swift */,
				CBB5C3662A2897AF001B175D /* MapView.swift */,
			);
			path = travelApp;
			sourceTree = "<group>";
		};
		CBB5C33D2A2894A5001B175D /* Preview Content */ = {
			isa = PBXGroup;
			children = (
				CBB5C33E2A2894A5001B175D /* Preview Assets.xcassets */,
			);
			path = "Preview Content";
			sourceTree = "<group>";
		};
		CBB5C3452A28963E001B175D /* Resources */ = {
			isa = PBXGroup;
			children = (
				CBB5C3462A28963E001B175D /* charleyrivers.jpg */,
				CBB5C3472A28963E001B175D /* turtlerock.jpg */,
				CBB5C3482A28963E001B175D /* silversalmoncreek.jpg */,
				CBB5C3492A28963E001B175D /* hikeData.json */,
				CBB5C34A2A28963E001B175D /* icybay.jpg */,
				CBB5C34B2A28963E001B175D /* lakemcdonald.jpg */,
				CBB5C34C2A28963E001B175D /* hiddenlake.jpg */,
				CBB5C34D2A28963E001B175D /* twinlake.jpg */,
				CBB5C34E2A28963E001B175D /* umbagog.jpg */,
				CBB5C34F2A28963E001B175D /* landmarkData.json */,
				CBB5C3502A28963E001B175D /* chincoteague.jpg */,
				CBB5C3512A28963E001B175D /* stmarylake.jpg */,
				CBB5C3522A28963E001B175D /* chilkoottrail.jpg */,
				CBB5C3532A28963E001B175D /* rainbowlake.jpg */,
			);
			path = Resources;
			sourceTree = "<group>";
		};
/* End PBXGroup section */

/* Begin PBXNativeTarget section */
		CBB5C3332A2894A4001B175D /* travelApp */ = {
			isa = PBXNativeTarget;
			buildConfigurationList = CBB5C3422A2894A5001B175D /* Build configuration list for PBXNativeTarget "travelApp" */;
			buildPhases = (
				CBB5C3302A2894A4001B175D /* Sources */,
				CBB5C3312A2894A4001B175D /* Frameworks */,
				CBB5C3322A2894A4001B175D /* Resources */,
			);
			buildRules = (
			);
			dependencies = (
			);
			name = travelApp;
			productName = travelApp;
			productReference = CBB5C3342A2894A4001B175D /* travelApp.app */;
			productType = "com.apple.product-type.application";
		};
/* End PBXNativeTarget section */

/* Begin PBXProject section */
		CBB5C32C2A2894A4001B175D /* Project object */ = {
			isa = PBXProject;
			attributes = {
				BuildIndependentTargetsInParallel = 1;
				LastSwiftUpdateCheck = 1410;
				LastUpgradeCheck = 1410;
				TargetAttributes = {
					CBB5C3332A2894A4001B175D = {
						CreatedOnToolsVersion = 14.1;
					};
				};
			};
			buildConfigurationList = CBB5C32F2A2894A4001B175D /* Build configuration list for PBXProject "travelApp" */;
			compatibilityVersion = "Xcode 14.0";
			developmentRegion = en;
			hasScannedForEncodings = 0;
			knownRegions = (
				en,
				Base,
			);
			mainGroup = CBB5C32B2A2894A4001B175D;
			productRefGroup = CBB5C3352A2894A4001B175D /* Products */;
			projectDirPath = "";
			projectRoot = "";
			targets = (
				CBB5C3332A2894A4001B175D /* travelApp */,
			);
		};
/* End PBXProject section */

/* Begin PBXResourcesBuildPhase section */
		CBB5C3322A2894A4001B175D /* Resources */ = {
			isa = PBXResourcesBuildPhase;
			buildActionMask = 2147483647;
			files = (
				CBB5C3562A28963E001B175D /* silversalmoncreek.jpg in Resources */,
				CBB5C3552A28963E001B175D /* turtlerock.jpg in Resources */,
				CBB5C3542A28963E001B175D /* charleyrivers.jpg in Resources */,
				CBB5C33F2A2894A5001B175D /* Preview Assets.xcassets in Resources */,
				CBB5C3572A28963E001B175D /* hikeData.json in Resources */,
				CBB5C35E2A28963E001B175D /* chincoteague.jpg in Resources */,
				CBB5C35F2A28963E001B175D /* stmarylake.jpg in Resources */,
				CBB5C35D2A28963E001B175D /* landmarkData.json in Resources */,
				CBB5C3582A28963E001B175D /* icybay.jpg in Resources */,
				CBB5C35B2A28963E001B175D /* twinlake.jpg in Resources */,
				CBB5C3592A28963E001B175D /* lakemcdonald.jpg in Resources */,
				CBB5C35A2A28963E001B175D /* hiddenlake.jpg in Resources */,
				CBB5C35C2A28963E001B175D /* umbagog.jpg in Resources */,
				CBB5C3612A28963E001B175D /* rainbowlake.jpg in Resources */,
				CBB5C3602A28963E001B175D /* chilkoottrail.jpg in Resources */,
				CBB5C33C2A2894A5001B175D /* Assets.xcassets in Resources */,
			);
			runOnlyForDeploymentPostprocessing = 0;
		};
/* End PBXResourcesBuildPhase section */

/* Begin PBXSourcesBuildPhase section */
		CBB5C3302A2894A4001B175D /* Sources */ = {
			isa = PBXSourcesBuildPhase;
			buildActionMask = 2147483647;
			files = (
				CBB5C33A2A2894A4001B175D /* ContentView.swift in Sources */,
				CBB5C3672A2897AF001B175D /* MapView.swift in Sources */,
				CBB5C3382A2894A4001B175D /* travelAppApp.swift in Sources */,
				CBB5C3652A28967C001B175D /* CircleImage.swift in Sources */,
			);
			runOnlyForDeploymentPostprocessing = 0;
		};
/* End PBXSourcesBuildPhase section */

/* Begin XCBuildConfiguration section */
		CBB5C3402A2894A5001B175D /* Debug */ = {
			isa = XCBuildConfiguration;
			buildSettings = {
				ALWAYS_SEARCH_USER_PATHS = NO;
				CLANG_ANALYZER_NONNULL = YES;
				CLANG_ANALYZER_NUMBER_OBJECT_CONVERSION = YES_AGGRESSIVE;
				CLANG_CXX_LANGUAGE_STANDARD = "gnu++20";
				CLANG_ENABLE_MODULES = YES;
				CLANG_ENABLE_OBJC_ARC = YES;
				CLANG_ENABLE_OBJC_WEAK = YES;
				CLANG_WARN_BLOCK_CAPTURE_AUTORELEASING = YES;
				CLANG_WARN_BOOL_CONVERSION = YES;
				CLANG_WARN_COMMA = YES;
				CLANG_WARN_CONSTANT_CONVERSION = YES;
				CLANG_WARN_DEPRECATED_OBJC_IMPLEMENTATIONS = YES;
				CLANG_WARN_DIRECT_OBJC_ISA_USAGE = YES_ERROR;
				CLANG_WARN_DOCUMENTATION_COMMENTS = YES;
				CLANG_WARN_EMPTY_BODY = YES;
				CLANG_WARN_ENUM_CONVERSION = YES;
				CLANG_WARN_INFINITE_RECURSION = YES;
				CLANG_WARN_INT_CONVERSION = YES;
				CLANG_WARN_NON_LITERAL_NULL_CONVERSION = YES;
				CLANG_WARN_OBJC_IMPLICIT_RETAIN_SELF = YES;
				CLANG_WARN_OBJC_LITERAL_CONVERSION = YES;
				CLANG_WARN_OBJC_ROOT_CLASS = YES_ERROR;
				CLANG_WARN_QUOTED_INCLUDE_IN_FRAMEWORK_HEADER = YES;
				CLANG_WARN_RANGE_LOOP_ANALYSIS = YES;
				CLANG_WARN_STRICT_PROTOTYPES = YES;
				CLANG_WARN_SUSPICIOUS_MOVE = YES;
				CLANG_WARN_UNGUARDED_AVAILABILITY = YES_AGGRESSIVE;
				CLANG_WARN_UNREACHABLE_CODE = YES;
				CLANG_WARN__DUPLICATE_METHOD_MATCH = YES;
				COPY_PHASE_STRIP = NO;
				DEBUG_INFORMATION_FORMAT = dwarf;
				ENABLE_STRICT_OBJC_MSGSEND = YES;
				ENABLE_TESTABILITY = YES;
				GCC_C_LANGUAGE_STANDARD = gnu11;
				GCC_DYNAMIC_NO_PIC = NO;
				GCC_NO_COMMON_BLOCKS = YES;
				GCC_OPTIMIZATION_LEVEL = 0;
				GCC_PREPROCESSOR_DEFINITIONS = (
					"DEBUG=1",
					"$(inherited)",
				);
				GCC_WARN_64_TO_32_BIT_CONVERSION = YES;
				GCC_WARN_ABOUT_RETURN_TYPE = YES_ERROR;
				GCC_WARN_UNDECLARED_SELECTOR = YES;
				GCC_WARN_UNINITIALIZED_AUTOS = YES_AGGRESSIVE;
				GCC_WARN_UNUSED_FUNCTION = YES;
				GCC_WARN_UNUSED_VARIABLE = YES;
				IPHONEOS_DEPLOYMENT_TARGET = 16.1;
				MTL_ENABLE_DEBUG_INFO = INCLUDE_SOURCE;
				MTL_FAST_MATH = YES;
				ONLY_ACTIVE_ARCH = YES;
				SDKROOT = iphoneos;
				SWIFT_ACTIVE_COMPILATION_CONDITIONS = DEBUG;
				SWIFT_OPTIMIZATION_LEVEL = "-Onone";
			};
			name = Debug;
		};
		CBB5C3412A2894A5001B175D /* Release */ = {
			isa = XCBuildConfiguration;
			buildSettings = {
				ALWAYS_SEARCH_USER_PATHS = NO;
				CLANG_ANALYZER_NONNULL = YES;
				CLANG_ANALYZER_NUMBER_OBJECT_CONVERSION = YES_AGGRESSIVE;
				CLANG_CXX_LANGUAGE_STANDARD = "gnu++20";
				CLANG_ENABLE_MODULES = YES;
				CLANG_ENABLE_OBJC_ARC = YES;
				CLANG_ENABLE_OBJC_WEAK = YES;
				CLANG_WARN_BLOCK_CAPTURE_AUTORELEASING = YES;
				CLANG_WARN_BOOL_CONVERSION = YES;
				CLANG_WARN_COMMA = YES;
				CLANG_WARN_CONSTANT_CONVERSION = YES;
				CLANG_WARN_DEPRECATED_OBJC_IMPLEMENTATIONS = YES;
				CLANG_WARN_DIRECT_OBJC_ISA_USAGE = YES_ERROR;
				CLANG_WARN_DOCUMENTATION_COMMENTS = YES;
				CLANG_WARN_EMPTY_BODY = YES;
				CLANG_WARN_ENUM_CONVERSION = YES;
				CLANG_WARN_INFINITE_RECURSION = YES;
				CLANG_WARN_INT_CONVERSION = YES;
				CLANG_WARN_NON_LITERAL_NULL_CONVERSION = YES;
				CLANG_WARN_OBJC_IMPLICIT_RETAIN_SELF = YES;
				CLANG_WARN_OBJC_LITERAL_CONVERSION = YES;
				CLANG_WARN_OBJC_ROOT_CLASS = YES_ERROR;
				CLANG_WARN_QUOTED_INCLUDE_IN_FRAMEWORK_HEADER = YES;
				CLANG_WARN_RANGE_LOOP_ANALYSIS = YES;
				CLANG_WARN_STRICT_PROTOTYPES = YES;
				CLANG_WARN_SUSPICIOUS_MOVE = YES;
				CLANG_WARN_UNGUARDED_AVAILABILITY = YES_AGGRESSIVE;
				CLANG_WARN_UNREACHABLE_CODE = YES;
				CLANG_WARN__DUPLICATE_METHOD_MATCH = YES;
				COPY_PHASE_STRIP = NO;
				DEBUG_INFORMATION_FORMAT = "dwarf-with-dsym";
				ENABLE_NS_ASSERTIONS = NO;
				ENABLE_STRICT_OBJC_MSGSEND = YES;
				GCC_C_LANGUAGE_STANDARD = gnu11;
				GCC_NO_COMMON_BLOCKS = YES;
				GCC_WARN_64_TO_32_BIT_CONVERSION = YES;
				GCC_WARN_ABOUT_RETURN_TYPE = YES_ERROR;
				GCC_WARN_UNDECLARED_SELECTOR = YES;
				GCC_WARN_UNINITIALIZED_AUTOS = YES_AGGRESSIVE;
				GCC_WARN_UNUSED_FUNCTION = YES;
				GCC_WARN_UNUSED_VARIABLE = YES;
				IPHONEOS_DEPLOYMENT_TARGET = 16.1;
				MTL_ENABLE_DEBUG_INFO = NO;
				MTL_FAST_MATH = YES;
				SDKROOT = iphoneos;
				SWIFT_COMPILATION_MODE = wholemodule;
				SWIFT_OPTIMIZATION_LEVEL = "-O";
				VALIDATE_PRODUCT = YES;
			};
			name = Release;
		};
		CBB5C3432A2894A5001B175D /* Debug */ = {
			isa = XCBuildConfiguration;
			buildSettings = {
				ASSETCATALOG_COMPILER_APPICON_NAME = AppIcon;
				ASSETCATALOG_COMPILER_GLOBAL_ACCENT_COLOR_NAME = AccentColor;
				CODE_SIGN_STYLE = Automatic;
				CURRENT_PROJECT_VERSION = 1;
				DEVELOPMENT_ASSET_PATHS = "\"travelApp/Preview Content\"";
				ENABLE_PREVIEWS = YES;
				GENERATE_INFOPLIST_FILE = YES;
				INFOPLIST_KEY_UIApplicationSceneManifest_Generation = YES;
				INFOPLIST_KEY_UIApplicationSupportsIndirectInputEvents = YES;
				INFOPLIST_KEY_UILaunchScreen_Generation = YES;
				INFOPLIST_KEY_UISupportedInterfaceOrientations_iPad = "UIInterfaceOrientationPortrait UIInterfaceOrientationPortraitUpsideDown UIInterfaceOrientationLandscapeLeft UIInterfaceOrientationLandscapeRight";
				INFOPLIST_KEY_UISupportedInterfaceOrientations_iPhone = "UIInterfaceOrientationPortrait UIInterfaceOrientationLandscapeLeft UIInterfaceOrientationLandscapeRight";
				LD_RUNPATH_SEARCH_PATHS = (
					"$(inherited)",
					"@executable_path/Frameworks",
				);
				MARKETING_VERSION = 1.0;
				PRODUCT_BUNDLE_IDENTIFIER = net.okada.travelApp;
				PRODUCT_NAME = "$(TARGET_NAME)";
				SWIFT_EMIT_LOC_STRINGS = YES;
				SWIFT_VERSION = 5.0;
				TARGETED_DEVICE_FAMILY = "1,2";
			};
			name = Debug;
		};
		CBB5C3442A2894A5001B175D /* Release */ = {
			isa = XCBuildConfiguration;
			buildSettings = {
				ASSETCATALOG_COMPILER_APPICON_NAME = AppIcon;
				ASSETCATALOG_COMPILER_GLOBAL_ACCENT_COLOR_NAME = AccentColor;
				CODE_SIGN_STYLE = Automatic;
				CURRENT_PROJECT_VERSION = 1;
				DEVELOPMENT_ASSET_PATHS = "\"travelApp/Preview Content\"";
				ENABLE_PREVIEWS = YES;
				GENERATE_INFOPLIST_FILE = YES;
				INFOPLIST_KEY_UIApplicationSceneManifest_Generation = YES;
				INFOPLIST_KEY_UIApplicationSupportsIndirectInputEvents = YES;
				INFOPLIST_KEY_UILaunchScreen_Generation = YES;
				INFOPLIST_KEY_UISupportedInterfaceOrientations_iPad = "UIInterfaceOrientationPortrait UIInterfaceOrientationPortraitUpsideDown UIInterfaceOrientationLandscapeLeft UIInterfaceOrientationLandscapeRight";
				INFOPLIST_KEY_UISupportedInterfaceOrientations_iPhone = "UIInterfaceOrientationPortrait UIInterfaceOrientationLandscapeLeft UIInterfaceOrientationLandscapeRight";
				LD_RUNPATH_SEARCH_PATHS = (
					"$(inherited)",
					"@executable_path/Frameworks",
				);
				MARKETING_VERSION = 1.0;
				PRODUCT_BUNDLE_IDENTIFIER = net.okada.travelApp;
				PRODUCT_NAME = "$(TARGET_NAME)";
				SWIFT_EMIT_LOC_STRINGS = YES;
				SWIFT_VERSION = 5.0;
				TARGETED_DEVICE_FAMILY = "1,2";
			};
			name = Release;
		};
/* End XCBuildConfiguration section */

/* Begin XCConfigurationList section */
		CBB5C32F2A2894A4001B175D /* Build configuration list for PBXProject "travelApp" */ = {
			isa = XCConfigurationList;
			buildConfigurations = (
				CBB5C3402A2894A5001B175D /* Debug */,
				CBB5C3412A2894A5001B175D /* Release */,
			);
			defaultConfigurationIsVisible = 0;
			defaultConfigurationName = Release;
		};
		CBB5C3422A2894A5001B175D /* Build configuration list for PBXNativeTarget "travelApp" */ = {
			isa = XCConfigurationList;
			buildConfigurations = (
				CBB5C3432A2894A5001B175D /* Debug */,
				CBB5C3442A2894A5001B175D /* Release */,
			);
			defaultConfigurationIsVisible = 0;
			defaultConfigurationName = Release;
		};
/* End XCConfigurationList section */
	};
	rootObject = CBB5C32C2A2894A4001B175D /* Project object */;
}
